
Microsoft Visual Studio Solution File, Format Version 12.00
# Visual Studio 2013
VisualStudioVersion = 12.0.21005.1
MinimumVisualStudioVersion = 10.0.40219.1
Project("{FAE04EC0-301F-11D3-BF4B-00C04F79EFBC}") = "BLL", "PipeNetManager\BLL\BLL.csproj", "{428E8B8E-484C-4B18-9D7C-5D0F2011898B}"
EndProject
Project("{FAE04EC0-301F-11D3-BF4B-00C04F79EFBC}") = "DBCtrl", "PipeNetManager\DBCtrl\DBCtrl.csproj", "{475FC15C-C770-4199-940C-0E434980EE0F}"
EndProject
Project("{FAE04EC0-301F-11D3-BF4B-00C04F79EFBC}") = "PipeNetManager", "PipeNetManager\PipeNetManager.csproj", "{86D0996F-C9F4-4C48-ACE5-34B661D01848}"
EndProject
Project("{FAE04EC0-301F-11D3-BF4B-00C04F79EFBC}") = "PipeManagerLib", "PipeManagerLib\PipeManagerLib.csproj", "{1D46A078-6E69-4443-A57B-68B93F4754A9}"
EndProject
Global
	GlobalSection(SolutionConfigurationPlatforms) = preSolution
		Debug|Any CPU = Debug|Any CPU
		Debug|Mixed Platforms = Debug|Mixed Platforms
		Debug|Win32 = Debug|Win32
		Debug|x86 = Debug|x86
		Release|Any CPU = Release|Any CPU
		Release|Mixed Platforms = Release|Mixed Platforms
		Release|Win32 = Release|Win32
		Release|x86 = Release|x86
	EndGlobalSection
	GlobalSection(ProjectConfigurationPlatforms) = postSolution
		{428E8B8E-484C-4B18-9D7C-5D0F2011898B}.Debug|Any CPU.ActiveCfg = Debug|x86
		{428E8B8E-484C-4B18-9D7C-5D0F2011898B}.Debug|Mixed Platforms.ActiveCfg = Debug|x86
		{428E8B8E-484C-4B18-9D7C-5D0F2011898B}.Debug|Mixed Platforms.Build.0 = Debug|x86
		{428E8B8E-484C-4B18-9D7C-5D0F2011898B}.Debug|Win32.ActiveCfg = Debug|x86
		{428E8B8E-484C-4B18-9D7C-5D0F2011898B}.Debug|Win32.Build.0 = Debug|x86
		{428E8B8E-484C-4B18-9D7C-5D0F2011898B}.Debug|x86.ActiveCfg = Debug|x86
		{428E8B8E-484C-4B18-9D7C-5D0F2011898B}.Debug|x86.Build.0 = Debug|x86
		{428E8B8E-484C-4B18-9D7C-5D0F2011898B}.Release|Any CPU.ActiveCfg = Release|x86
		{428E8B8E-484C-4B18-9D7C-5D0F2011898B}.Release|Mixed Platforms.ActiveCfg = Release|x86
		{428E8B8E-484C-4B18-9D7C-5D0F2011898B}.Release|Mixed Platforms.Build.0 = Release|x86
		{428E8B8E-484C-4B18-9D7C-5D0F2011898B}.Release|Win32.ActiveCfg = Release|x86
		{428E8B8E-484C-4B18-9D7C-5D0F2011898B}.Release|Win32.Build.0 = Release|x86
		{428E8B8E-484C-4B18-9D7C-5D0F2011898B}.Release|x86.ActiveCfg = Release|x86
		{428E8B8E-484C-4B18-9D7C-5D0F2011898B}.Release|x86.Build.0 = Release|x86
		{475FC15C-C770-4199-940C-0E434980EE0F}.Debug|Any CPU.ActiveCfg = Debug|x86
		{475FC15C-C770-4199-940C-0E434980EE0F}.Debug|Mixed Platforms.ActiveCfg = Debug|x86
		{475FC15C-C770-4199-940C-0E434980EE0F}.Debug|Mixed Platforms.Build.0 = Debug|x86
		{475FC15C-C770-4199-940C-0E434980EE0F}.Debug|Win32.ActiveCfg = Debug|x86
		{475FC15C-C770-4199-940C-0E434980EE0F}.Debug|Win32.Build.0 = Debug|x86
		{475FC15C-C770-4199-940C-0E434980EE0F}.Debug|x86.ActiveCfg = Debug|x86
		{475FC15C-C770-4199-940C-0E434980EE0F}.Debug|x86.Build.0 = Debug|x86
		{475FC15C-C770-4199-940C-0E434980EE0F}.Release|Any CPU.ActiveCfg = Release|x86
		{475FC15C-C770-4199-940C-0E434980EE0F}.Release|Mixed Platforms.ActiveCfg = Release|x86
		{475FC15C-C770-4199-940C-0E434980EE0F}.Release|Mixed Platforms.Build.0 = Release|x86
		{475FC15C-C770-4199-940C-0E434980EE0F}.Release|Win32.ActiveCfg = Release|x86
		{475FC15C-C770-4199-940C-0E434980EE0F}.Release|Win32.Build.0 = Release|x86
		{475FC15C-C770-4199-940C-0E434980EE0F}.Release|x86.ActiveCfg = Release|x86
		{475FC15C-C770-4199-940C-0E434980EE0F}.Release|x86.Build.0 = Release|x86
		{86D0996F-C9F4-4C48-ACE5-34B661D01848}.Debug|Any CPU.ActiveCfg = Debug|Any CPU
		{86D0996F-C9F4-4C48-ACE5-34B661D01848}.Debug|Any CPU.Build.0 = Debug|Any CPU
		{86D0996F-C9F4-4C48-ACE5-34B661D01848}.Debug|Mixed Platforms.ActiveCfg = Debug|Any CPU
		{86D0996F-C9F4-4C48-ACE5-34B661D01848}.Debug|Mixed Platforms.Build.0 = Debug|Any CPU
		{86D0996F-C9F4-4C48-ACE5-34B661D01848}.Debug|Win32.ActiveCfg = Debug|Any CPU
		{86D0996F-C9F4-4C48-ACE5-34B661D01848}.Debug|x86.ActiveCfg = Debug|Any CPU
		{86D0996F-C9F4-4C48-ACE5-34B661D01848}.Release|Any CPU.ActiveCfg = Release|Any CPU
		{86D0996F-C9F4-4C48-ACE5-34B661D01848}.Release|Any CPU.Build.0 = Release|Any CPU
		{86D0996F-C9F4-4C48-ACE5-34B661D01848}.Release|Mixed Platforms.ActiveCfg = Release|Any CPU
		{86D0996F-C9F4-4C48-ACE5-34B661D01848}.Release|Mixed Platforms.Build.0 = Release|Any CPU
		{86D0996F-C9F4-4C48-ACE5-34B661D01848}.Release|Win32.ActiveCfg = Release|Any CPU
		{86D0996F-C9F4-4C48-ACE5-34B661D01848}.Release|x86.ActiveCfg = Release|Any CPU
		{1D46A078-6E69-4443-A57B-68B93F4754A9}.Debug|Any CPU.ActiveCfg = Debug|Any CPU
		{1D46A078-6E69-4443-A57B-68B93F4754A9}.Debug|Any CPU.Build.0 = Debug|Any CPU
		{1D46A078-6E69-4443-A57B-68B93F4754A9}.Debug|Mixed Platforms.ActiveCfg = Debug|Any CPU
		{1D46A078-6E69-4443-A57B-68B93F4754A9}.Debug|Mixed Platforms.Build.0 = Debug|Any CPU
		{1D46A078-6E69-4443-A57B-68B93F4754A9}.Debug|Win32.ActiveCfg = Debug|Any CPU
		{1D46A078-6E69-4443-A57B-68B93F4754A9}.Debug|x86.ActiveCfg = Debug|Any CPU
		{1D46A078-6E69-4443-A57B-68B93F4754A9}.Release|Any CPU.ActiveCfg = Release|Any CPU
		{1D46A078-6E69-4443-A57B-68B93F4754A9}.Release|Any CPU.Build.0 = Release|Any CPU
		{1D46A078-6E69-4443-A57B-68B93F4754A9}.Release|Mixed Platforms.ActiveCfg = Release|Any CPU
		{1D46A078-6E69-4443-A57B-68B93F4754A9}.Release|Mixed Platforms.Build.0 = Release|Any CPU
		{1D46A078-6E69-4443-A57B-68B93F4754A9}.Release|Win32.ActiveCfg = Release|Any CPU
		{1D46A078-6E69-4443-A57B-68B93F4754A9}.Release|x86.ActiveCfg = Release|Any CPU
	EndGlobalSection
	GlobalSection(SolutionProperties) = preSolution
		HideSolutionNode = FALSE
	EndGlobalSection
EndGlobal
